// !$*UTF8*$!
{
	archiveVersion = 1;
	classes = {
	};
	objectVersion = 56;
	objects = {

/* Begin PBXBuildFile section */
		49023B4A291C8F7D00CF6DDF /* Infographics.swift in Sources */ = {isa = PBXBuildFile; fileRef = 49023B49291C8F7D00CF6DDF /* Infographics.swift */; };
		4907DB9A2919C69000C5C502 /* AnimatedTabBar.swift in Sources */ = {isa = PBXBuildFile; fileRef = 4907DB992919C68F00C5C502 /* AnimatedTabBar.swift */; };
		4907DB9C2919CCB000C5C502 /* TabCurve.swift in Sources */ = {isa = PBXBuildFile; fileRef = 4907DB9B2919CCB000C5C502 /* TabCurve.swift */; };
		493B306728F86B4500E3C3C8 /* SplashScreenView.swift in Sources */ = {isa = PBXBuildFile; fileRef = 493B306628F86B4500E3C3C8 /* SplashScreenView.swift */; };
		493B306A28FB2F2000E3C3C8 /* Color.swift in Sources */ = {isa = PBXBuildFile; fileRef = 493B306928FB2F2000E3C3C8 /* Color.swift */; };
		493B306C28FB329D00E3C3C8 /* LoginScreen.swift in Sources */ = {isa = PBXBuildFile; fileRef = 493B306B28FB329D00E3C3C8 /* LoginScreen.swift */; };
		49B5BE7F29256C74009CB7DF /* LiveChat.swift in Sources */ = {isa = PBXBuildFile; fileRef = 49B5BE7E29256C74009CB7DF /* LiveChat.swift */; };
		49B5BE9D2925D228009CB7DF /* BotResponse.swift in Sources */ = {isa = PBXBuildFile; fileRef = 49B5BE9C2925D228009CB7DF /* BotResponse.swift */; };
		49B5BE9F2925D305009CB7DF /* LoginInfo.swift in Sources */ = {isa = PBXBuildFile; fileRef = 49B5BE9E2925D305009CB7DF /* LoginInfo.swift */; };
		49B5BEA52927DFD8009CB7DF /* PopulationChart.swift in Sources */ = {isa = PBXBuildFile; fileRef = 49B5BEA42927DFD8009CB7DF /* PopulationChart.swift */; };
		49B5BEA92927E3D0009CB7DF /* MainView.swift in Sources */ = {isa = PBXBuildFile; fileRef = 49B5BEA82927E3D0009CB7DF /* MainView.swift */; };
		49B5BEAB2927E590009CB7DF /* Settings.swift in Sources */ = {isa = PBXBuildFile; fileRef = 49B5BEAA2927E590009CB7DF /* Settings.swift */; };
		49B5BEB229288E3A009CB7DF /* UCData.csv in Resources */ = {isa = PBXBuildFile; fileRef = 49B5BEB129288E3A009CB7DF /* UCData.csv */; };
		49B5BEB429288E5B009CB7DF /* PodData.csv in Resources */ = {isa = PBXBuildFile; fileRef = 49B5BEB329288E5B009CB7DF /* PodData.csv */; };
		49B5BEB629288F9A009CB7DF /* RRData.csv in Resources */ = {isa = PBXBuildFile; fileRef = 49B5BEB529288F9A009CB7DF /* RRData.csv */; };
		49B5BEB829288FB6009CB7DF /* MoesData.csv in Resources */ = {isa = PBXBuildFile; fileRef = 49B5BEB729288FB6009CB7DF /* MoesData.csv */; };
		49B5BEBA29288FDB009CB7DF /* ChickFilaData.csv in Resources */ = {isa = PBXBuildFile; fileRef = 49B5BEB929288FDB009CB7DF /* ChickFilaData.csv */; };
		49B5BEBC29289001009CB7DF /* PandaData.csv in Resources */ = {isa = PBXBuildFile; fileRef = 49B5BEBB29289001009CB7DF /* PandaData.csv */; };
		49B5BEBE2928984B009CB7DF /* Database.swift in Sources */ = {isa = PBXBuildFile; fileRef = 49B5BEBD2928984B009CB7DF /* Database.swift */; };
		49E024DD28FCF0EF00FEA2BB /* SignUpView.swift in Sources */ = {isa = PBXBuildFile; fileRef = 49E024DC28FCF0EF00FEA2BB /* SignUpView.swift */; };
		49FC30E228F0C4030006D87F /* CampusCrowdCheckersApp.swift in Sources */ = {isa = PBXBuildFile; fileRef = 49FC30E128F0C4030006D87F /* CampusCrowdCheckersApp.swift */; };
		49FC30E428F0C4030006D87F /* HomeView.swift in Sources */ = {isa = PBXBuildFile; fileRef = 49FC30E328F0C4030006D87F /* HomeView.swift */; };
		49FC30E628F0C4060006D87F /* Assets.xcassets in Resources */ = {isa = PBXBuildFile; fileRef = 49FC30E528F0C4060006D87F /* Assets.xcassets */; };
		49FC30E928F0C4060006D87F /* Preview Assets.xcassets in Resources */ = {isa = PBXBuildFile; fileRef = 49FC30E828F0C4060006D87F /* Preview Assets.xcassets */; };
/* End PBXBuildFile section */

/* Begin PBXFileReference section */
		49023B49291C8F7D00CF6DDF /* Infographics.swift */ = {isa = PBXFileReference; lastKnownFileType = sourcecode.swift; path = Infographics.swift; sourceTree = "<group>"; };
		4907DB992919C68F00C5C502 /* AnimatedTabBar.swift */ = {isa = PBXFileReference; lastKnownFileType = sourcecode.swift; path = AnimatedTabBar.swift; sourceTree = "<group>"; };
		4907DB9B2919CCB000C5C502 /* TabCurve.swift */ = {isa = PBXFileReference; lastKnownFileType = sourcecode.swift; path = TabCurve.swift; sourceTree = "<group>"; };
		493B306628F86B4500E3C3C8 /* SplashScreenView.swift */ = {isa = PBXFileReference; lastKnownFileType = sourcecode.swift; path = SplashScreenView.swift; sourceTree = "<group>"; };
		493B306928FB2F2000E3C3C8 /* Color.swift */ = {isa = PBXFileReference; lastKnownFileType = sourcecode.swift; path = Color.swift; sourceTree = "<group>"; };
		493B306B28FB329D00E3C3C8 /* LoginScreen.swift */ = {isa = PBXFileReference; lastKnownFileType = sourcecode.swift; path = LoginScreen.swift; sourceTree = "<group>"; };
		49B5BE7E29256C74009CB7DF /* LiveChat.swift */ = {isa = PBXFileReference; lastKnownFileType = sourcecode.swift; path = LiveChat.swift; sourceTree = "<group>"; };
		49B5BE9C2925D228009CB7DF /* BotResponse.swift */ = {isa = PBXFileReference; lastKnownFileType = sourcecode.swift; path = BotResponse.swift; sourceTree = "<group>"; };
		49B5BE9E2925D305009CB7DF /* LoginInfo.swift */ = {isa = PBXFileReference; lastKnownFileType = sourcecode.swift; path = LoginInfo.swift; sourceTree = "<group>"; };
		49B5BEA42927DFD8009CB7DF /* PopulationChart.swift */ = {isa = PBXFileReference; lastKnownFileType = sourcecode.swift; path = PopulationChart.swift; sourceTree = "<group>"; };
		49B5BEA82927E3D0009CB7DF /* MainView.swift */ = {isa = PBXFileReference; lastKnownFileType = sourcecode.swift; path = MainView.swift; sourceTree = "<group>"; };
		49B5BEAA2927E590009CB7DF /* Settings.swift */ = {isa = PBXFileReference; lastKnownFileType = sourcecode.swift; path = Settings.swift; sourceTree = "<group>"; };
		49B5BEB129288E3A009CB7DF /* UCData.csv */ = {isa = PBXFileReference; fileEncoding = 4; lastKnownFileType = text; path = UCData.csv; sourceTree = "<group>"; };
		49B5BEB329288E5B009CB7DF /* PodData.csv */ = {isa = PBXFileReference; fileEncoding = 4; lastKnownFileType = text; path = PodData.csv; sourceTree = "<group>"; };
		49B5BEB529288F9A009CB7DF /* RRData.csv */ = {isa = PBXFileReference; fileEncoding = 4; lastKnownFileType = text; path = RRData.csv; sourceTree = "<group>"; };
		49B5BEB729288FB6009CB7DF /* MoesData.csv */ = {isa = PBXFileReference; fileEncoding = 4; lastKnownFileType = text; path = MoesData.csv; sourceTree = "<group>"; };
		49B5BEB929288FDB009CB7DF /* ChickFilaData.csv */ = {isa = PBXFileReference; fileEncoding = 4; lastKnownFileType = text; path = ChickFilaData.csv; sourceTree = "<group>"; };
		49B5BEBB29289001009CB7DF /* PandaData.csv */ = {isa = PBXFileReference; fileEncoding = 4; lastKnownFileType = text; path = PandaData.csv; sourceTree = "<group>"; };
		49B5BEBD2928984B009CB7DF /* Database.swift */ = {isa = PBXFileReference; lastKnownFileType = sourcecode.swift; path = Database.swift; sourceTree = "<group>"; };
		49E024DC28FCF0EF00FEA2BB /* SignUpView.swift */ = {isa = PBXFileReference; lastKnownFileType = sourcecode.swift; path = SignUpView.swift; sourceTree = "<group>"; };
		49FC30DE28F0C4030006D87F /* CampusCrowdCheckers.app */ = {isa = PBXFileReference; explicitFileType = wrapper.application; includeInIndex = 0; path = CampusCrowdCheckers.app; sourceTree = BUILT_PRODUCTS_DIR; };
		49FC30E128F0C4030006D87F /* CampusCrowdCheckersApp.swift */ = {isa = PBXFileReference; lastKnownFileType = sourcecode.swift; path = CampusCrowdCheckersApp.swift; sourceTree = "<group>"; };
		49FC30E328F0C4030006D87F /* HomeView.swift */ = {isa = PBXFileReference; lastKnownFileType = sourcecode.swift; path = HomeView.swift; sourceTree = "<group>"; };
		49FC30E528F0C4060006D87F /* Assets.xcassets */ = {isa = PBXFileReference; lastKnownFileType = folder.assetcatalog; path = Assets.xcassets; sourceTree = "<group>"; };
		49FC30E828F0C4060006D87F /* Preview Assets.xcassets */ = {isa = PBXFileReference; lastKnownFileType = folder.assetcatalog; path = "Preview Assets.xcassets"; sourceTree = "<group>"; };
/* End PBXFileReference section */

/* Begin PBXFrameworksBuildPhase section */
		49FC30DB28F0C4030006D87F /* Frameworks */ = {
			isa = PBXFrameworksBuildPhase;
			buildActionMask = 2147483647;
			files = (
			);
			runOnlyForDeploymentPostprocessing = 0;
		};
/* End PBXFrameworksBuildPhase section */

/* Begin PBXGroup section */
		493B306828FB2F0500E3C3C8 /* Extensions */ = {
			isa = PBXGroup;
			children = (
				493B306928FB2F2000E3C3C8 /* Color.swift */,
				4907DB9B2919CCB000C5C502 /* TabCurve.swift */,
				4907DB992919C68F00C5C502 /* AnimatedTabBar.swift */,
				49023B49291C8F7D00CF6DDF /* Infographics.swift */,
				49B5BE9C2925D228009CB7DF /* BotResponse.swift */,
				49B5BEA42927DFD8009CB7DF /* PopulationChart.swift */,
			);
			path = Extensions;
			sourceTree = "<group>";
		};
		493B306D28FB32A200E3C3C8 /* CoreViews */ = {
			isa = PBXGroup;
			children = (
				49FC30E128F0C4030006D87F /* CampusCrowdCheckersApp.swift */,
				49FC30E328F0C4030006D87F /* HomeView.swift */,
				49B5BEA82927E3D0009CB7DF /* MainView.swift */,
				49B5BEAA2927E590009CB7DF /* Settings.swift */,
				49B5BE7E29256C74009CB7DF /* LiveChat.swift */,
				49B5BE9E2925D305009CB7DF /* LoginInfo.swift */,
				493B306B28FB329D00E3C3C8 /* LoginScreen.swift */,
				49E024DC28FCF0EF00FEA2BB /* SignUpView.swift */,
				493B306628F86B4500E3C3C8 /* SplashScreenView.swift */,
			);
			path = CoreViews;
			sourceTree = "<group>";
		};
		49B5BEB029288DBD009CB7DF /* DataFiles */ = {
			isa = PBXGroup;
			children = (
				49B5BEB929288FDB009CB7DF /* ChickFilaData.csv */,
				49B5BEB129288E3A009CB7DF /* UCData.csv */,
				49B5BEB329288E5B009CB7DF /* PodData.csv */,
				49B5BEB529288F9A009CB7DF /* RRData.csv */,
				49B5BEB729288FB6009CB7DF /* MoesData.csv */,
				49B5BEBB29289001009CB7DF /* PandaData.csv */,
				49B5BEBD2928984B009CB7DF /* Database.swift */,
			);
			path = DataFiles;
			sourceTree = "<group>";
		};
		49FC30D528F0C4030006D87F = {
			isa = PBXGroup;
			children = (
				49B5BEB029288DBD009CB7DF /* DataFiles */,
				49FC30E028F0C4030006D87F /* CampusCrowdCheckers */,
				49FC30DF28F0C4030006D87F /* Products */,
			);
			sourceTree = "<group>";
		};
		49FC30DF28F0C4030006D87F /* Products */ = {
			isa = PBXGroup;
			children = (
				49FC30DE28F0C4030006D87F /* CampusCrowdCheckers.app */,
			);
			name = Products;
			sourceTree = "<group>";
		};
		49FC30E028F0C4030006D87F /* CampusCrowdCheckers */ = {
			isa = PBXGroup;
			children = (
				493B306D28FB32A200E3C3C8 /* CoreViews */,
				493B306828FB2F0500E3C3C8 /* Extensions */,
				49FC30E528F0C4060006D87F /* Assets.xcassets */,
				49FC30E728F0C4060006D87F /* Preview Content */,
			);
			path = CampusCrowdCheckers;
			sourceTree = "<group>";
		};
		49FC30E728F0C4060006D87F /* Preview Content */ = {
			isa = PBXGroup;
			children = (
				49FC30E828F0C4060006D87F /* Preview Assets.xcassets */,
			);
			path = "Preview Content";
			sourceTree = "<group>";
		};
/* End PBXGroup section */

/* Begin PBXNativeTarget section */
		49FC30DD28F0C4030006D87F /* CampusCrowdCheckers */ = {
			isa = PBXNativeTarget;
			buildConfigurationList = 49FC30EC28F0C4060006D87F /* Build configuration list for PBXNativeTarget "CampusCrowdCheckers" */;
			buildPhases = (
				49FC30DA28F0C4030006D87F /* Sources */,
				49FC30DB28F0C4030006D87F /* Frameworks */,
				49FC30DC28F0C4030006D87F /* Resources */,
			);
			buildRules = (
			);
			dependencies = (
			);
			name = CampusCrowdCheckers;
			productName = CampusCrowdCheckers;
			productReference = 49FC30DE28F0C4030006D87F /* CampusCrowdCheckers.app */;
			productType = "com.apple.product-type.application";
		};
/* End PBXNativeTarget section */

/* Begin PBXProject section */
		49FC30D628F0C4030006D87F /* Project object */ = {
			isa = PBXProject;
			attributes = {
				BuildIndependentTargetsInParallel = 1;
				LastSwiftUpdateCheck = 1400;
				LastUpgradeCheck = 1400;
				TargetAttributes = {
					49FC30DD28F0C4030006D87F = {
						CreatedOnToolsVersion = 14.0.1;
					};
				};
			};
			buildConfigurationList = 49FC30D928F0C4030006D87F /* Build configuration list for PBXProject "CampusCrowdCheckers" */;
			compatibilityVersion = "Xcode 14.0";
			developmentRegion = en;
			hasScannedForEncodings = 0;
			knownRegions = (
				en,
				Base,
			);
			mainGroup = 49FC30D528F0C4030006D87F;
			productRefGroup = 49FC30DF28F0C4030006D87F /* Products */;
			projectDirPath = "";
			projectRoot = "";
			targets = (
				49FC30DD28F0C4030006D87F /* CampusCrowdCheckers */,
			);
		};
/* End PBXProject section */

/* Begin PBXResourcesBuildPhase section */
		49FC30DC28F0C4030006D87F /* Resources */ = {
			isa = PBXResourcesBuildPhase;
			buildActionMask = 2147483647;
			files = (
				49FC30E928F0C4060006D87F /* Preview Assets.xcassets in Resources */,
				49B5BEB229288E3A009CB7DF /* UCData.csv in Resources */,
				49B5BEBA29288FDB009CB7DF /* ChickFilaData.csv in Resources */,
				49B5BEB829288FB6009CB7DF /* MoesData.csv in Resources */,
				49B5BEB429288E5B009CB7DF /* PodData.csv in Resources */,
				49B5BEBC29289001009CB7DF /* PandaData.csv in Resources */,
				49B5BEB629288F9A009CB7DF /* RRData.csv in Resources */,
				49FC30E628F0C4060006D87F /* Assets.xcassets in Resources */,
			);
			runOnlyForDeploymentPostprocessing = 0;
		};
/* End PBXResourcesBuildPhase section */

/* Begin PBXSourcesBuildPhase section */
		49FC30DA28F0C4030006D87F /* Sources */ = {
			isa = PBXSourcesBuildPhase;
			buildActionMask = 2147483647;
			files = (
				49FC30E428F0C4030006D87F /* HomeView.swift in Sources */,
				49B5BEA92927E3D0009CB7DF /* MainView.swift in Sources */,
				49FC30E228F0C4030006D87F /* CampusCrowdCheckersApp.swift in Sources */,
				49E024DD28FCF0EF00FEA2BB /* SignUpView.swift in Sources */,
				49B5BE9F2925D305009CB7DF /* LoginInfo.swift in Sources */,
				4907DB9C2919CCB000C5C502 /* TabCurve.swift in Sources */,
				49023B4A291C8F7D00CF6DDF /* Infographics.swift in Sources */,
				493B306A28FB2F2000E3C3C8 /* Color.swift in Sources */,
				493B306728F86B4500E3C3C8 /* SplashScreenView.swift in Sources */,
				49B5BEAB2927E590009CB7DF /* Settings.swift in Sources */,
				49B5BE9D2925D228009CB7DF /* BotResponse.swift in Sources */,
				4907DB9A2919C69000C5C502 /* AnimatedTabBar.swift in Sources */,
				49B5BE7F29256C74009CB7DF /* LiveChat.swift in Sources */,
				493B306C28FB329D00E3C3C8 /* LoginScreen.swift in Sources */,
				49B5BEBE2928984B009CB7DF /* Database.swift in Sources */,
				49B5BEA52927DFD8009CB7DF /* PopulationChart.swift in Sources */,
			);
			runOnlyForDeploymentPostprocessing = 0;
		};
/* End PBXSourcesBuildPhase section */

/* Begin XCBuildConfiguration section */
		49FC30EA28F0C4060006D87F /* Debug */ = {
			isa = XCBuildConfiguration;
			buildSettings = {
				ALWAYS_SEARCH_USER_PATHS = NO;
				CLANG_ANALYZER_NONNULL = YES;
				CLANG_ANALYZER_NUMBER_OBJECT_CONVERSION = YES_AGGRESSIVE;
				CLANG_CXX_LANGUAGE_STANDARD = "gnu++20";
				CLANG_ENABLE_MODULES = YES;
				CLANG_ENABLE_OBJC_ARC = YES;
				CLANG_ENABLE_OBJC_WEAK = YES;
				CLANG_WARN_BLOCK_CAPTURE_AUTORELEASING = YES;
				CLANG_WARN_BOOL_CONVERSION = YES;
				CLANG_WARN_COMMA = YES;
				CLANG_WARN_CONSTANT_CONVERSION = YES;
				CLANG_WARN_DEPRECATED_OBJC_IMPLEMENTATIONS = YES;
				CLANG_WARN_DIRECT_OBJC_ISA_USAGE = YES_ERROR;
				CLANG_WARN_DOCUMENTATION_COMMENTS = YES;
				CLANG_WARN_EMPTY_BODY = YES;
				CLANG_WARN_ENUM_CONVERSION = YES;
				CLANG_WARN_INFINITE_RECURSION = YES;
				CLANG_WARN_INT_CONVERSION = YES;
				CLANG_WARN_NON_LITERAL_NULL_CONVERSION = YES;
				CLANG_WARN_OBJC_IMPLICIT_RETAIN_SELF = YES;
				CLANG_WARN_OBJC_LITERAL_CONVERSION = YES;
				CLANG_WARN_OBJC_ROOT_CLASS = YES_ERROR;
				CLANG_WARN_QUOTED_INCLUDE_IN_FRAMEWORK_HEADER = YES;
				CLANG_WARN_RANGE_LOOP_ANALYSIS = YES;
				CLANG_WARN_STRICT_PROTOTYPES = YES;
				CLANG_WARN_SUSPICIOUS_MOVE = YES;
				CLANG_WARN_UNGUARDED_AVAILABILITY = YES_AGGRESSIVE;
				CLANG_WARN_UNREACHABLE_CODE = YES;
				CLANG_WARN__DUPLICATE_METHOD_MATCH = YES;
				COPY_PHASE_STRIP = NO;
				DEBUG_INFORMATION_FORMAT = dwarf;
				ENABLE_STRICT_OBJC_MSGSEND = YES;
				ENABLE_TESTABILITY = YES;
				GCC_C_LANGUAGE_STANDARD = gnu11;
				GCC_DYNAMIC_NO_PIC = NO;
				GCC_NO_COMMON_BLOCKS = YES;
				GCC_OPTIMIZATION_LEVEL = 0;
				GCC_PREPROCESSOR_DEFINITIONS = (
					"DEBUG=1",
					"$(inherited)",
				);
				GCC_WARN_64_TO_32_BIT_CONVERSION = YES;
				GCC_WARN_ABOUT_RETURN_TYPE = YES_ERROR;
				GCC_WARN_UNDECLARED_SELECTOR = YES;
				GCC_WARN_UNINITIALIZED_AUTOS = YES_AGGRESSIVE;
				GCC_WARN_UNUSED_FUNCTION = YES;
				GCC_WARN_UNUSED_VARIABLE = YES;
				IPHONEOS_DEPLOYMENT_TARGET = 16.0;
				MTL_ENABLE_DEBUG_INFO = INCLUDE_SOURCE;
				MTL_FAST_MATH = YES;
				ONLY_ACTIVE_ARCH = YES;
				SDKROOT = iphoneos;
				SWIFT_ACTIVE_COMPILATION_CONDITIONS = DEBUG;
				SWIFT_OPTIMIZATION_LEVEL = "-Onone";
			};
			name = Debug;
		};
		49FC30EB28F0C4060006D87F /* Release */ = {
			isa = XCBuildConfiguration;
			buildSettings = {
				ALWAYS_SEARCH_USER_PATHS = NO;
				CLANG_ANALYZER_NONNULL = YES;
				CLANG_ANALYZER_NUMBER_OBJECT_CONVERSION = YES_AGGRESSIVE;
				CLANG_CXX_LANGUAGE_STANDARD = "gnu++20";
				CLANG_ENABLE_MODULES = YES;
				CLANG_ENABLE_OBJC_ARC = YES;
				CLANG_ENABLE_OBJC_WEAK = YES;
				CLANG_WARN_BLOCK_CAPTURE_AUTORELEASING = YES;
				CLANG_WARN_BOOL_CONVERSION = YES;
				CLANG_WARN_COMMA = YES;
				CLANG_WARN_CONSTANT_CONVERSION = YES;
				CLANG_WARN_DEPRECATED_OBJC_IMPLEMENTATIONS = YES;
				CLANG_WARN_DIRECT_OBJC_ISA_USAGE = YES_ERROR;
				CLANG_WARN_DOCUMENTATION_COMMENTS = YES;
				CLANG_WARN_EMPTY_BODY = YES;
				CLANG_WARN_ENUM_CONVERSION = YES;
				CLANG_WARN_INFINITE_RECURSION = YES;
				CLANG_WARN_INT_CONVERSION = YES;
				CLANG_WARN_NON_LITERAL_NULL_CONVERSION = YES;
				CLANG_WARN_OBJC_IMPLICIT_RETAIN_SELF = YES;
				CLANG_WARN_OBJC_LITERAL_CONVERSION = YES;
				CLANG_WARN_OBJC_ROOT_CLASS = YES_ERROR;
				CLANG_WARN_QUOTED_INCLUDE_IN_FRAMEWORK_HEADER = YES;
				CLANG_WARN_RANGE_LOOP_ANALYSIS = YES;
				CLANG_WARN_STRICT_PROTOTYPES = YES;
				CLANG_WARN_SUSPICIOUS_MOVE = YES;
				CLANG_WARN_UNGUARDED_AVAILABILITY = YES_AGGRESSIVE;
				CLANG_WARN_UNREACHABLE_CODE = YES;
				CLANG_WARN__DUPLICATE_METHOD_MATCH = YES;
				COPY_PHASE_STRIP = NO;
				DEBUG_INFORMATION_FORMAT = "dwarf-with-dsym";
				ENABLE_NS_ASSERTIONS = NO;
				ENABLE_STRICT_OBJC_MSGSEND = YES;
				GCC_C_LANGUAGE_STANDARD = gnu11;
				GCC_NO_COMMON_BLOCKS = YES;
				GCC_WARN_64_TO_32_BIT_CONVERSION = YES;
				GCC_WARN_ABOUT_RETURN_TYPE = YES_ERROR;
				GCC_WARN_UNDECLARED_SELECTOR = YES;
				GCC_WARN_UNINITIALIZED_AUTOS = YES_AGGRESSIVE;
				GCC_WARN_UNUSED_FUNCTION = YES;
				GCC_WARN_UNUSED_VARIABLE = YES;
				IPHONEOS_DEPLOYMENT_TARGET = 16.0;
				MTL_ENABLE_DEBUG_INFO = NO;
				MTL_FAST_MATH = YES;
				SDKROOT = iphoneos;
				SWIFT_COMPILATION_MODE = wholemodule;
				SWIFT_OPTIMIZATION_LEVEL = "-O";
				VALIDATE_PRODUCT = YES;
			};
			name = Release;
		};
		49FC30ED28F0C4060006D87F /* Debug */ = {
			isa = XCBuildConfiguration;
			buildSettings = {
				ASSETCATALOG_COMPILER_APPICON_NAME = AppIcon;
				ASSETCATALOG_COMPILER_GLOBAL_ACCENT_COLOR_NAME = AccentColor;
				CODE_SIGN_STYLE = Automatic;
				CURRENT_PROJECT_VERSION = 1;
				DEVELOPMENT_ASSET_PATHS = "\"CampusCrowdCheckers/Preview Content\"";
				DEVELOPMENT_TEAM = 6V95J2JS3Z;
				ENABLE_PREVIEWS = YES;
				GENERATE_INFOPLIST_FILE = YES;
				INFOPLIST_KEY_LSApplicationCategoryType = "public.app-category.education";
				INFOPLIST_KEY_UIApplicationSceneManifest_Generation = YES;
				INFOPLIST_KEY_UIApplicationSupportsIndirectInputEvents = YES;
				INFOPLIST_KEY_UILaunchScreen_Generation = YES;
				INFOPLIST_KEY_UIStatusBarStyle = "";
				INFOPLIST_KEY_UISupportedInterfaceOrientations = UIInterfaceOrientationPortrait;
				INFOPLIST_KEY_UISupportedInterfaceOrientations_iPad = "UIInterfaceOrientationLandscapeLeft UIInterfaceOrientationLandscapeRight UIInterfaceOrientationPortrait UIInterfaceOrientationPortraitUpsideDown";
				LD_RUNPATH_SEARCH_PATHS = (
					"$(inherited)",
					"@executable_path/Frameworks",
				);
				MARKETING_VERSION = 1.0;
				PRODUCT_BUNDLE_IDENTIFIER = AndresAngel.CampusCrowdCheckers;
				PRODUCT_NAME = "$(TARGET_NAME)";
				SUPPORTED_PLATFORMS = "iphoneos iphonesimulator";
				SUPPORTS_MACCATALYST = NO;
				SUPPORTS_MAC_DESIGNED_FOR_IPHONE_IPAD = YES;
				SWIFT_EMIT_LOC_STRINGS = YES;
				SWIFT_VERSION = 5.0;
				TARGETED_DEVICE_FAMILY = 1;
			};
			name = Debug;
		};
		49FC30EE28F0C4060006D87F /* Release */ = {
			isa = XCBuildConfiguration;
			buildSettings = {
				ASSETCATALOG_COMPILER_APPICON_NAME = AppIcon;
				ASSETCATALOG_COMPILER_GLOBAL_ACCENT_COLOR_NAME = AccentColor;
				CODE_SIGN_STYLE = Automatic;
				CURRENT_PROJECT_VERSION = 1;
				DEVELOPMENT_ASSET_PATHS = "\"CampusCrowdCheckers/Preview Content\"";
				DEVELOPMENT_TEAM = 6V95J2JS3Z;
				ENABLE_PREVIEWS = YES;
				GENERATE_INFOPLIST_FILE = YES;
				INFOPLIST_KEY_LSApplicationCategoryType = "public.app-category.education";
				INFOPLIST_KEY_UIApplicationSceneManifest_Generation = YES;
				INFOPLIST_KEY_UIApplicationSupportsIndirectInputEvents = YES;
				INFOPLIST_KEY_UILaunchScreen_Generation = YES;
				INFOPLIST_KEY_UIStatusBarStyle = "";
				INFOPLIST_KEY_UISupportedInterfaceOrientations = UIInterfaceOrientationPortrait;
				INFOPLIST_KEY_UISupportedInterfaceOrientations_iPad = "UIInterfaceOrientationLandscapeLeft UIInterfaceOrientationLandscapeRight UIInterfaceOrientationPortrait UIInterfaceOrientationPortraitUpsideDown";
				LD_RUNPATH_SEARCH_PATHS = (
					"$(inherited)",
					"@executable_path/Frameworks",
				);
				MARKETING_VERSION = 1.0;
				PRODUCT_BUNDLE_IDENTIFIER = AndresAngel.CampusCrowdCheckers;
				PRODUCT_NAME = "$(TARGET_NAME)";
				SUPPORTED_PLATFORMS = "iphoneos iphonesimulator";
				SUPPORTS_MACCATALYST = NO;
				SUPPORTS_MAC_DESIGNED_FOR_IPHONE_IPAD = YES;
				SWIFT_EMIT_LOC_STRINGS = YES;
				SWIFT_VERSION = 5.0;
				TARGETED_DEVICE_FAMILY = 1;
			};
			name = Release;
		};
/* End XCBuildConfiguration section */

/* Begin XCConfigurationList section */
		49FC30D928F0C4030006D87F /* Build configuration list for PBXProject "CampusCrowdCheckers" */ = {
			isa = XCConfigurationList;
			buildConfigurations = (
				49FC30EA28F0C4060006D87F /* Debug */,
				49FC30EB28F0C4060006D87F /* Release */,
			);
			defaultConfigurationIsVisible = 0;
			defaultConfigurationName = Release;
		};
		49FC30EC28F0C4060006D87F /* Build configuration list for PBXNativeTarget "CampusCrowdCheckers" */ = {
			isa = XCConfigurationList;
			buildConfigurations = (
				49FC30ED28F0C4060006D87F /* Debug */,
				49FC30EE28F0C4060006D87F /* Release */,
			);
			defaultConfigurationIsVisible = 0;
			defaultConfigurationName = Release;
		};
/* End XCConfigurationList section */
	};
	rootObject = 49FC30D628F0C4030006D87F /* Project object */;
}
