// !$*UTF8*$!
{
	archiveVersion = 1;
	classes = {
	};
	objectVersion = 56;
	objects = {

/* Begin PBXBuildFile section */
		49023B4A291C8F7D00CF6DDF /* Infographics.swift in Sources */ = {isa = PBXBuildFile; fileRef = 49023B49291C8F7D00CF6DDF /* Infographics.swift */; };
		4907DB9A2919C69000C5C502 /* AnimatedTabBar.swift in Sources */ = {isa = PBXBuildFile; fileRef = 4907DB992919C68F00C5C502 /* AnimatedTabBar.swift */; };
		4907DB9C2919CCB000C5C502 /* TabCurve.swift in Sources */ = {isa = PBXBuildFile; fileRef = 4907DB9B2919CCB000C5C502 /* TabCurve.swift */; };
		490AC38729AB046600CA14EB /* GifImage.swift in Sources */ = {isa = PBXBuildFile; fileRef = 490AC38629AB046600CA14EB /* GifImage.swift */; };
		490AC39129AB094700CA14EB /* geolocation.gif in Resources */ = {isa = PBXBuildFile; fileRef = 490AC39029AB094700CA14EB /* geolocation.gif */; };
		490AC39329ABDAF300CA14EB /* OnboardView.swift in Sources */ = {isa = PBXBuildFile; fileRef = 490AC39229ABDAF300CA14EB /* OnboardView.swift */; };
		490AC39529AC214A00CA14EB /* WelcomeCardViews.swift in Sources */ = {isa = PBXBuildFile; fileRef = 490AC39429AC214A00CA14EB /* WelcomeCardViews.swift */; };
		490AC39729AC3C0A00CA14EB /* icons8-geography.gif in Resources */ = {isa = PBXBuildFile; fileRef = 490AC39629AC3C0A00CA14EB /* icons8-geography.gif */; };
		49275842293D882D00CD05E3 /* LocationManager.swift in Sources */ = {isa = PBXBuildFile; fileRef = 49275841293D882D00CD05E3 /* LocationManager.swift */; };
		49275844293D88A200CD05E3 /* LocationRequestView.swift in Sources */ = {isa = PBXBuildFile; fileRef = 49275843293D88A200CD05E3 /* LocationRequestView.swift */; };
		4937576C2954E0EF00EA590C /* String.swift in Sources */ = {isa = PBXBuildFile; fileRef = 4937576B2954E0EF00EA590C /* String.swift */; };
		4937576E2957A36B00EA590C /* SearchBarView.swift in Sources */ = {isa = PBXBuildFile; fileRef = 4937576D2957A36B00EA590C /* SearchBarView.swift */; };
		493757702957AAB300EA590C /* UIApplication.swift in Sources */ = {isa = PBXBuildFile; fileRef = 4937576F2957AAB300EA590C /* UIApplication.swift */; };
		493757722957EF9C00EA590C /* SchoolInformationView.swift in Sources */ = {isa = PBXBuildFile; fileRef = 493757712957EF9C00EA590C /* SchoolInformationView.swift */; };
		493B306728F86B4500E3C3C8 /* SplashScreenView.swift in Sources */ = {isa = PBXBuildFile; fileRef = 493B306628F86B4500E3C3C8 /* SplashScreenView.swift */; };
		493B306A28FB2F2000E3C3C8 /* Color.swift in Sources */ = {isa = PBXBuildFile; fileRef = 493B306928FB2F2000E3C3C8 /* Color.swift */; };
		493B306C28FB329D00E3C3C8 /* LoginScreen.swift in Sources */ = {isa = PBXBuildFile; fileRef = 493B306B28FB329D00E3C3C8 /* LoginScreen.swift */; };
		4944C483294BB64B00A51A94 /* MapViewModel.swift in Sources */ = {isa = PBXBuildFile; fileRef = 4944C482294BB64B00A51A94 /* MapViewModel.swift */; };
		4944C48A294BC02800A51A94 /* PreviewProvider.swift in Sources */ = {isa = PBXBuildFile; fileRef = 4944C489294BC02800A51A94 /* PreviewProvider.swift */; };
		4947B212293EE27A00D3812A /* MapView.swift in Sources */ = {isa = PBXBuildFile; fileRef = 4947B211293EE27900D3812A /* MapView.swift */; };
		494CEE03292D94C40013D8B2 /* InfoBoxes.swift in Sources */ = {isa = PBXBuildFile; fileRef = 494CEE02292D94C40013D8B2 /* InfoBoxes.swift */; };
		494CEE06292D9D670013D8B2 /* SwiftClockUI in Frameworks */ = {isa = PBXBuildFile; productRef = 494CEE05292D9D670013D8B2 /* SwiftClockUI */; };
		495DB8AD29624A0600C76D2A /* Wave.swift in Sources */ = {isa = PBXBuildFile; fileRef = 495DB8AC29624A0600C76D2A /* Wave.swift */; };
		495DB8AF29624A8700C76D2A /* Bundle.swift in Sources */ = {isa = PBXBuildFile; fileRef = 495DB8AE29624A8600C76D2A /* Bundle.swift */; };
		495DB8B52962590F00C76D2A /* LocationMapAnnotationView.swift in Sources */ = {isa = PBXBuildFile; fileRef = 495DB8B42962590E00C76D2A /* LocationMapAnnotationView.swift */; };
		495DB8B7296269E600C76D2A /* VenueModel.swift in Sources */ = {isa = PBXBuildFile; fileRef = 495DB8B6296269E600C76D2A /* VenueModel.swift */; };
		4969F4EA298DB2F700660258 /* people.mp4 in Resources */ = {isa = PBXBuildFile; fileRef = 4969F4E9298DB2F700660258 /* people.mp4 */; };
		4971173729691AB500623E1D /* UINavigationController.swift in Sources */ = {isa = PBXBuildFile; fileRef = 4971173629691AB500623E1D /* UINavigationController.swift */; };
		4987827D294E53470092DD11 /* UniversityModel.swift in Sources */ = {isa = PBXBuildFile; fileRef = 4987827C294E53470092DD11 /* UniversityModel.swift */; };
		4987827F295294B50092DD11 /* UniversityRowView.swift in Sources */ = {isa = PBXBuildFile; fileRef = 4987827E295294B50092DD11 /* UniversityRowView.swift */; };
		49AE03B22946CA0B001F337B /* CircleButtonView.swift in Sources */ = {isa = PBXBuildFile; fileRef = 49AE03B12946CA0B001F337B /* CircleButtonView.swift */; };
		49AE03B42946CEA5001F337B /* CircleButtonAnimationView.swift in Sources */ = {isa = PBXBuildFile; fileRef = 49AE03B32946CEA5001F337B /* CircleButtonAnimationView.swift */; };
		49B5BE7F29256C74009CB7DF /* LiveChat.swift in Sources */ = {isa = PBXBuildFile; fileRef = 49B5BE7E29256C74009CB7DF /* LiveChat.swift */; };
		49B5BE9D2925D228009CB7DF /* BotResponse.swift in Sources */ = {isa = PBXBuildFile; fileRef = 49B5BE9C2925D228009CB7DF /* BotResponse.swift */; };
		49B5BEA52927DFD8009CB7DF /* PopulationChart.swift in Sources */ = {isa = PBXBuildFile; fileRef = 49B5BEA42927DFD8009CB7DF /* PopulationChart.swift */; };
		49B5BEA92927E3D0009CB7DF /* MainView.swift in Sources */ = {isa = PBXBuildFile; fileRef = 49B5BEA82927E3D0009CB7DF /* MainView.swift */; };
		49B5BEAB2927E590009CB7DF /* Settings.swift in Sources */ = {isa = PBXBuildFile; fileRef = 49B5BEAA2927E590009CB7DF /* Settings.swift */; };
		49B5BEBE2928984B009CB7DF /* Database.swift in Sources */ = {isa = PBXBuildFile; fileRef = 49B5BEBD2928984B009CB7DF /* Database.swift */; };
		49B5BEC5292A9B59009CB7DF /* PandaData1.csv in Resources */ = {isa = PBXBuildFile; fileRef = 49B5BEBF292A9B58009CB7DF /* PandaData1.csv */; };
		49B5BEC6292A9B59009CB7DF /* UCData1.csv in Resources */ = {isa = PBXBuildFile; fileRef = 49B5BEC0292A9B58009CB7DF /* UCData1.csv */; };
		49B5BEC7292A9B59009CB7DF /* ChickFilaData1.csv in Resources */ = {isa = PBXBuildFile; fileRef = 49B5BEC1292A9B58009CB7DF /* ChickFilaData1.csv */; };
		49B5BEC8292A9B59009CB7DF /* PodData1.csv in Resources */ = {isa = PBXBuildFile; fileRef = 49B5BEC2292A9B58009CB7DF /* PodData1.csv */; };
		49B5BEC9292A9B59009CB7DF /* RRData1.csv in Resources */ = {isa = PBXBuildFile; fileRef = 49B5BEC3292A9B58009CB7DF /* RRData1.csv */; };
		49B5BECA292A9B59009CB7DF /* MoesData1.csv in Resources */ = {isa = PBXBuildFile; fileRef = 49B5BEC4292A9B58009CB7DF /* MoesData1.csv */; };
		49B83ED2298D9E02000664D8 /* FirebaseAnalytics in Frameworks */ = {isa = PBXBuildFile; productRef = 49B83ED1298D9E02000664D8 /* FirebaseAnalytics */; };
		49B83ED4298D9E02000664D8 /* FirebaseAnalyticsSwift in Frameworks */ = {isa = PBXBuildFile; productRef = 49B83ED3298D9E02000664D8 /* FirebaseAnalyticsSwift */; };
		49B83ED6298D9E02000664D8 /* FirebaseAuth in Frameworks */ = {isa = PBXBuildFile; productRef = 49B83ED5298D9E02000664D8 /* FirebaseAuth */; };
		49B83EDA298DA1FB000664D8 /* LoginViewModel.swift in Sources */ = {isa = PBXBuildFile; fileRef = 49B83ED9298DA1FB000664D8 /* LoginViewModel.swift */; };
		49B83EDC298DA23A000664D8 /* PlayerView.swift in Sources */ = {isa = PBXBuildFile; fileRef = 49B83EDB298DA23A000664D8 /* PlayerView.swift */; };
		49B83EEA298DA699000664D8 /* GoogleService-Info.plist in Resources */ = {isa = PBXBuildFile; fileRef = 49B83EE9298DA699000664D8 /* GoogleService-Info.plist */; };
		49D8FFB72962851300B92281 /* LocationListRow.swift in Sources */ = {isa = PBXBuildFile; fileRef = 49D8FFB62962851300B92281 /* LocationListRow.swift */; };
		49D8FFC32963AEB200B92281 /* LocationPreviewView.swift in Sources */ = {isa = PBXBuildFile; fileRef = 49D8FFC22963AEB200B92281 /* LocationPreviewView.swift */; };
		49EDD72B295DF6B400EFC0D3 /* Stripe.swift in Sources */ = {isa = PBXBuildFile; fileRef = 49EDD72A295DF6B200EFC0D3 /* Stripe.swift */; };
		49EDD72E295E234000EFC0D3 /* VenueLocations.json in Resources */ = {isa = PBXBuildFile; fileRef = 49EDD72D295E234000EFC0D3 /* VenueLocations.json */; };
		49FC30E228F0C4030006D87F /* CampusCrowdCheckersApp.swift in Sources */ = {isa = PBXBuildFile; fileRef = 49FC30E128F0C4030006D87F /* CampusCrowdCheckersApp.swift */; };
		49FC30E428F0C4030006D87F /* HomeView.swift in Sources */ = {isa = PBXBuildFile; fileRef = 49FC30E328F0C4030006D87F /* HomeView.swift */; };
		49FC30E628F0C4060006D87F /* Assets.xcassets in Resources */ = {isa = PBXBuildFile; fileRef = 49FC30E528F0C4060006D87F /* Assets.xcassets */; };
		49FC30E928F0C4060006D87F /* Preview Assets.xcassets in Resources */ = {isa = PBXBuildFile; fileRef = 49FC30E828F0C4060006D87F /* Preview Assets.xcassets */; };
		49FDF1D8296547A300409CCF /* LocationDetailView.swift in Sources */ = {isa = PBXBuildFile; fileRef = 49FDF1D7296547A300409CCF /* LocationDetailView.swift */; };
		49FDF1DC29664C7400409CCF /* RestaurantDetailModel.swift in Sources */ = {isa = PBXBuildFile; fileRef = 49FDF1DB29664C7400409CCF /* RestaurantDetailModel.swift */; };
/* End PBXBuildFile section */

/* Begin PBXFileReference section */
		49023B49291C8F7D00CF6DDF /* Infographics.swift */ = {isa = PBXFileReference; lastKnownFileType = sourcecode.swift; path = Infographics.swift; sourceTree = "<group>"; };
		4907DB992919C68F00C5C502 /* AnimatedTabBar.swift */ = {isa = PBXFileReference; lastKnownFileType = sourcecode.swift; path = AnimatedTabBar.swift; sourceTree = "<group>"; };
		4907DB9B2919CCB000C5C502 /* TabCurve.swift */ = {isa = PBXFileReference; lastKnownFileType = sourcecode.swift; path = TabCurve.swift; sourceTree = "<group>"; };
		490AC38629AB046600CA14EB /* GifImage.swift */ = {isa = PBXFileReference; lastKnownFileType = sourcecode.swift; path = GifImage.swift; sourceTree = "<group>"; };
		490AC39029AB094700CA14EB /* geolocation.gif */ = {isa = PBXFileReference; lastKnownFileType = image.gif; path = geolocation.gif; sourceTree = "<group>"; };
		490AC39229ABDAF300CA14EB /* OnboardView.swift */ = {isa = PBXFileReference; lastKnownFileType = sourcecode.swift; path = OnboardView.swift; sourceTree = "<group>"; };
		490AC39429AC214A00CA14EB /* WelcomeCardViews.swift */ = {isa = PBXFileReference; lastKnownFileType = sourcecode.swift; path = WelcomeCardViews.swift; sourceTree = "<group>"; };
		490AC39629AC3C0A00CA14EB /* icons8-geography.gif */ = {isa = PBXFileReference; lastKnownFileType = image.gif; path = "icons8-geography.gif"; sourceTree = "<group>"; };
		49275841293D882D00CD05E3 /* LocationManager.swift */ = {isa = PBXFileReference; lastKnownFileType = sourcecode.swift; path = LocationManager.swift; sourceTree = "<group>"; };
		49275843293D88A200CD05E3 /* LocationRequestView.swift */ = {isa = PBXFileReference; lastKnownFileType = sourcecode.swift; path = LocationRequestView.swift; sourceTree = "<group>"; };
		4937576B2954E0EF00EA590C /* String.swift */ = {isa = PBXFileReference; lastKnownFileType = sourcecode.swift; path = String.swift; sourceTree = "<group>"; };
		4937576D2957A36B00EA590C /* SearchBarView.swift */ = {isa = PBXFileReference; lastKnownFileType = sourcecode.swift; path = SearchBarView.swift; sourceTree = "<group>"; };
		4937576F2957AAB300EA590C /* UIApplication.swift */ = {isa = PBXFileReference; lastKnownFileType = sourcecode.swift; path = UIApplication.swift; sourceTree = "<group>"; };
		493757712957EF9C00EA590C /* SchoolInformationView.swift */ = {isa = PBXFileReference; lastKnownFileType = sourcecode.swift; path = SchoolInformationView.swift; sourceTree = "<group>"; };
		493B306628F86B4500E3C3C8 /* SplashScreenView.swift */ = {isa = PBXFileReference; lastKnownFileType = sourcecode.swift; path = SplashScreenView.swift; sourceTree = "<group>"; };
		493B306928FB2F2000E3C3C8 /* Color.swift */ = {isa = PBXFileReference; lastKnownFileType = sourcecode.swift; path = Color.swift; sourceTree = "<group>"; };
		493B306B28FB329D00E3C3C8 /* LoginScreen.swift */ = {isa = PBXFileReference; lastKnownFileType = sourcecode.swift; path = LoginScreen.swift; sourceTree = "<group>"; };
		4944C482294BB64B00A51A94 /* MapViewModel.swift */ = {isa = PBXFileReference; lastKnownFileType = sourcecode.swift; path = MapViewModel.swift; sourceTree = "<group>"; };
		4944C489294BC02800A51A94 /* PreviewProvider.swift */ = {isa = PBXFileReference; lastKnownFileType = sourcecode.swift; path = PreviewProvider.swift; sourceTree = "<group>"; };
		4947B211293EE27900D3812A /* MapView.swift */ = {isa = PBXFileReference; lastKnownFileType = sourcecode.swift; path = MapView.swift; sourceTree = "<group>"; };
		494CEE02292D94C40013D8B2 /* InfoBoxes.swift */ = {isa = PBXFileReference; lastKnownFileType = sourcecode.swift; path = InfoBoxes.swift; sourceTree = "<group>"; };
		495DB8AC29624A0600C76D2A /* Wave.swift */ = {isa = PBXFileReference; lastKnownFileType = sourcecode.swift; path = Wave.swift; sourceTree = "<group>"; };
		495DB8AE29624A8600C76D2A /* Bundle.swift */ = {isa = PBXFileReference; lastKnownFileType = sourcecode.swift; path = Bundle.swift; sourceTree = "<group>"; };
		495DB8B42962590E00C76D2A /* LocationMapAnnotationView.swift */ = {isa = PBXFileReference; lastKnownFileType = sourcecode.swift; path = LocationMapAnnotationView.swift; sourceTree = "<group>"; };
		495DB8B6296269E600C76D2A /* VenueModel.swift */ = {isa = PBXFileReference; lastKnownFileType = sourcecode.swift; path = VenueModel.swift; sourceTree = "<group>"; };
		4969F4E9298DB2F700660258 /* people.mp4 */ = {isa = PBXFileReference; lastKnownFileType = file; path = people.mp4; sourceTree = "<group>"; };
		496BCCD029899EB90037573B /* CampusCrowdCheckers.entitlements */ = {isa = PBXFileReference; lastKnownFileType = text.plist.entitlements; path = CampusCrowdCheckers.entitlements; sourceTree = "<group>"; };
		4971173629691AB500623E1D /* UINavigationController.swift */ = {isa = PBXFileReference; lastKnownFileType = sourcecode.swift; path = UINavigationController.swift; sourceTree = "<group>"; };
		4987827C294E53470092DD11 /* UniversityModel.swift */ = {isa = PBXFileReference; lastKnownFileType = sourcecode.swift; path = UniversityModel.swift; sourceTree = "<group>"; };
		4987827E295294B50092DD11 /* UniversityRowView.swift */ = {isa = PBXFileReference; lastKnownFileType = sourcecode.swift; path = UniversityRowView.swift; sourceTree = "<group>"; };
		49AE03B12946CA0B001F337B /* CircleButtonView.swift */ = {isa = PBXFileReference; lastKnownFileType = sourcecode.swift; path = CircleButtonView.swift; sourceTree = "<group>"; };
		49AE03B32946CEA5001F337B /* CircleButtonAnimationView.swift */ = {isa = PBXFileReference; lastKnownFileType = sourcecode.swift; path = CircleButtonAnimationView.swift; sourceTree = "<group>"; };
		49B5BE7E29256C74009CB7DF /* LiveChat.swift */ = {isa = PBXFileReference; lastKnownFileType = sourcecode.swift; path = LiveChat.swift; sourceTree = "<group>"; };
		49B5BE9C2925D228009CB7DF /* BotResponse.swift */ = {isa = PBXFileReference; lastKnownFileType = sourcecode.swift; path = BotResponse.swift; sourceTree = "<group>"; };
		49B5BEA42927DFD8009CB7DF /* PopulationChart.swift */ = {isa = PBXFileReference; lastKnownFileType = sourcecode.swift; path = PopulationChart.swift; sourceTree = "<group>"; };
		49B5BEA82927E3D0009CB7DF /* MainView.swift */ = {isa = PBXFileReference; lastKnownFileType = sourcecode.swift; path = MainView.swift; sourceTree = "<group>"; };
		49B5BEAA2927E590009CB7DF /* Settings.swift */ = {isa = PBXFileReference; lastKnownFileType = sourcecode.swift; path = Settings.swift; sourceTree = "<group>"; };
		49B5BEBD2928984B009CB7DF /* Database.swift */ = {isa = PBXFileReference; lastKnownFileType = sourcecode.swift; path = Database.swift; sourceTree = "<group>"; };
		49B5BEBF292A9B58009CB7DF /* PandaData1.csv */ = {isa = PBXFileReference; fileEncoding = 4; lastKnownFileType = text; path = PandaData1.csv; sourceTree = "<group>"; };
		49B5BEC0292A9B58009CB7DF /* UCData1.csv */ = {isa = PBXFileReference; fileEncoding = 4; lastKnownFileType = text; path = UCData1.csv; sourceTree = "<group>"; };
		49B5BEC1292A9B58009CB7DF /* ChickFilaData1.csv */ = {isa = PBXFileReference; fileEncoding = 4; lastKnownFileType = text; path = ChickFilaData1.csv; sourceTree = "<group>"; };
		49B5BEC2292A9B58009CB7DF /* PodData1.csv */ = {isa = PBXFileReference; fileEncoding = 4; lastKnownFileType = text; path = PodData1.csv; sourceTree = "<group>"; };
		49B5BEC3292A9B58009CB7DF /* RRData1.csv */ = {isa = PBXFileReference; fileEncoding = 4; lastKnownFileType = text; path = RRData1.csv; sourceTree = "<group>"; };
		49B5BEC4292A9B58009CB7DF /* MoesData1.csv */ = {isa = PBXFileReference; fileEncoding = 4; lastKnownFileType = text; path = MoesData1.csv; sourceTree = "<group>"; };
		49B83ED9298DA1FB000664D8 /* LoginViewModel.swift */ = {isa = PBXFileReference; lastKnownFileType = sourcecode.swift; path = LoginViewModel.swift; sourceTree = "<group>"; };
		49B83EDB298DA23A000664D8 /* PlayerView.swift */ = {isa = PBXFileReference; lastKnownFileType = sourcecode.swift; path = PlayerView.swift; sourceTree = "<group>"; };
		49B83EE9298DA699000664D8 /* GoogleService-Info.plist */ = {isa = PBXFileReference; lastKnownFileType = text.plist.xml; path = "GoogleService-Info.plist"; sourceTree = "<group>"; };
		49D8FFB62962851300B92281 /* LocationListRow.swift */ = {isa = PBXFileReference; lastKnownFileType = sourcecode.swift; path = LocationListRow.swift; sourceTree = "<group>"; };
		49D8FFC22963AEB200B92281 /* LocationPreviewView.swift */ = {isa = PBXFileReference; lastKnownFileType = sourcecode.swift; path = LocationPreviewView.swift; sourceTree = "<group>"; };
		49EDD72A295DF6B200EFC0D3 /* Stripe.swift */ = {isa = PBXFileReference; lastKnownFileType = sourcecode.swift; path = Stripe.swift; sourceTree = "<group>"; };
		49EDD72D295E234000EFC0D3 /* VenueLocations.json */ = {isa = PBXFileReference; lastKnownFileType = text.json; path = VenueLocations.json; sourceTree = "<group>"; };
		49FC30DE28F0C4030006D87F /* CampusCrowdCheckers.app */ = {isa = PBXFileReference; explicitFileType = wrapper.application; includeInIndex = 0; path = CampusCrowdCheckers.app; sourceTree = BUILT_PRODUCTS_DIR; };
		49FC30E128F0C4030006D87F /* CampusCrowdCheckersApp.swift */ = {isa = PBXFileReference; lastKnownFileType = sourcecode.swift; path = CampusCrowdCheckersApp.swift; sourceTree = "<group>"; };
		49FC30E328F0C4030006D87F /* HomeView.swift */ = {isa = PBXFileReference; lastKnownFileType = sourcecode.swift; path = HomeView.swift; sourceTree = "<group>"; };
		49FC30E528F0C4060006D87F /* Assets.xcassets */ = {isa = PBXFileReference; lastKnownFileType = folder.assetcatalog; path = Assets.xcassets; sourceTree = "<group>"; };
		49FC30E828F0C4060006D87F /* Preview Assets.xcassets */ = {isa = PBXFileReference; lastKnownFileType = folder.assetcatalog; path = "Preview Assets.xcassets"; sourceTree = "<group>"; };
		49FDF1D7296547A300409CCF /* LocationDetailView.swift */ = {isa = PBXFileReference; lastKnownFileType = sourcecode.swift; path = LocationDetailView.swift; sourceTree = "<group>"; };
		49FDF1DB29664C7400409CCF /* RestaurantDetailModel.swift */ = {isa = PBXFileReference; lastKnownFileType = sourcecode.swift; path = RestaurantDetailModel.swift; sourceTree = "<group>"; };
/* End PBXFileReference section */

/* Begin PBXFrameworksBuildPhase section */
		49FC30DB28F0C4030006D87F /* Frameworks */ = {
			isa = PBXFrameworksBuildPhase;
			buildActionMask = 2147483647;
			files = (
				49B83ED4298D9E02000664D8 /* FirebaseAnalyticsSwift in Frameworks */,
				49B83ED2298D9E02000664D8 /* FirebaseAnalytics in Frameworks */,
				494CEE06292D9D670013D8B2 /* SwiftClockUI in Frameworks */,
				49B83ED6298D9E02000664D8 /* FirebaseAuth in Frameworks */,
			);
			runOnlyForDeploymentPostprocessing = 0;
		};
/* End PBXFrameworksBuildPhase section */

/* Begin PBXGroup section */
		493B306828FB2F0500E3C3C8 /* Extensions */ = {
			isa = PBXGroup;
			children = (
				493B306928FB2F2000E3C3C8 /* Color.swift */,
				4944C489294BC02800A51A94 /* PreviewProvider.swift */,
				4937576B2954E0EF00EA590C /* String.swift */,
				4937576F2957AAB300EA590C /* UIApplication.swift */,
				495DB8AE29624A8600C76D2A /* Bundle.swift */,
				4971173629691AB500623E1D /* UINavigationController.swift */,
				490AC38629AB046600CA14EB /* GifImage.swift */,
			);
			path = Extensions;
			sourceTree = "<group>";
		};
		4944C484294BB6AE00A51A94 /* Services */ = {
			isa = PBXGroup;
			children = (
				49275841293D882D00CD05E3 /* LocationManager.swift */,
			);
			path = Services;
			sourceTree = "<group>";
		};
		495DB8AA296249D500C76D2A /* Shape */ = {
			isa = PBXGroup;
			children = (
				495DB8AC29624A0600C76D2A /* Wave.swift */,
				49EDD72A295DF6B200EFC0D3 /* Stripe.swift */,
			);
			path = Shape;
			sourceTree = "<group>";
		};
		495DB8AB296249ED00C76D2A /* TabBar */ = {
			isa = PBXGroup;
			children = (
				4907DB9B2919CCB000C5C502 /* TabCurve.swift */,
				4907DB992919C68F00C5C502 /* AnimatedTabBar.swift */,
			);
			path = TabBar;
			sourceTree = "<group>";
		};
		49AE03AA2946C776001F337B /* Home */ = {
			isa = PBXGroup;
			children = (
				49AE03B52947B80A001F337B /* Core */,
				49AE03AB2946C780001F337B /* View Models */,
				49AE03AE2946C853001F337B /* ChatBot */,
				49AE03AD2946C7E4001F337B /* Graph Models */,
			);
			path = Home;
			sourceTree = "<group>";
		};
		49AE03AB2946C780001F337B /* View Models */ = {
			isa = PBXGroup;
			children = (
				4944C482294BB64B00A51A94 /* MapViewModel.swift */,
				4987827C294E53470092DD11 /* UniversityModel.swift */,
				495DB8B6296269E600C76D2A /* VenueModel.swift */,
				49FDF1DB29664C7400409CCF /* RestaurantDetailModel.swift */,
			);
			path = "View Models";
			sourceTree = "<group>";
		};
		49AE03AD2946C7E4001F337B /* Graph Models */ = {
			isa = PBXGroup;
			children = (
				49023B49291C8F7D00CF6DDF /* Infographics.swift */,
				49B5BEBD2928984B009CB7DF /* Database.swift */,
				49B5BEA42927DFD8009CB7DF /* PopulationChart.swift */,
				494CEE02292D94C40013D8B2 /* InfoBoxes.swift */,
			);
			path = "Graph Models";
			sourceTree = "<group>";
		};
		49AE03AE2946C853001F337B /* ChatBot */ = {
			isa = PBXGroup;
			children = (
				49B5BE9C2925D228009CB7DF /* BotResponse.swift */,
				49B5BE7E29256C74009CB7DF /* LiveChat.swift */,
			);
			path = ChatBot;
			sourceTree = "<group>";
		};
		49AE03AF2946C875001F337B /* Login Model */ = {
			isa = PBXGroup;
			children = (
				49FC30E128F0C4030006D87F /* CampusCrowdCheckersApp.swift */,
				493B306B28FB329D00E3C3C8 /* LoginScreen.swift */,
				493B306628F86B4500E3C3C8 /* SplashScreenView.swift */,
				49275843293D88A200CD05E3 /* LocationRequestView.swift */,
				49B83ED9298DA1FB000664D8 /* LoginViewModel.swift */,
				490AC39229ABDAF300CA14EB /* OnboardView.swift */,
				490AC39429AC214A00CA14EB /* WelcomeCardViews.swift */,
			);
			path = "Login Model";
			sourceTree = "<group>";
		};
		49AE03B02946C9D7001F337B /* Components */ = {
			isa = PBXGroup;
			children = (
				49FDF1DA296547E100409CCF /* SchoolComponents */,
				49FDF1D9296547B300409CCF /* MapComponents */,
				49B83EDB298DA23A000664D8 /* PlayerView.swift */,
			);
			path = Components;
			sourceTree = "<group>";
		};
		49AE03B52947B80A001F337B /* Core */ = {
			isa = PBXGroup;
			children = (
				49B5BEA82927E3D0009CB7DF /* MainView.swift */,
				49FC30E328F0C4030006D87F /* HomeView.swift */,
				4947B211293EE27900D3812A /* MapView.swift */,
				49B5BEAA2927E590009CB7DF /* Settings.swift */,
			);
			path = Core;
			sourceTree = "<group>";
		};
		49B5BEB029288DBD009CB7DF /* DataFiles */ = {
			isa = PBXGroup;
			children = (
				49EDD72C295E230B00EFC0D3 /* JSONFiles */,
				49B5BECB292A9B66009CB7DF /* CSVFiles */,
			);
			path = DataFiles;
			sourceTree = "<group>";
		};
		49B5BECB292A9B66009CB7DF /* CSVFiles */ = {
			isa = PBXGroup;
			children = (
				49B5BEC1292A9B58009CB7DF /* ChickFilaData1.csv */,
				49B5BEC4292A9B58009CB7DF /* MoesData1.csv */,
				49B5BEBF292A9B58009CB7DF /* PandaData1.csv */,
				49B5BEC2292A9B58009CB7DF /* PodData1.csv */,
				49B5BEC0292A9B58009CB7DF /* UCData1.csv */,
				49B5BEC3292A9B58009CB7DF /* RRData1.csv */,
			);
			path = CSVFiles;
			sourceTree = "<group>";
		};
		49EDD72C295E230B00EFC0D3 /* JSONFiles */ = {
			isa = PBXGroup;
			children = (
				49EDD72D295E234000EFC0D3 /* VenueLocations.json */,
			);
			path = JSONFiles;
			sourceTree = "<group>";
		};
		49FC30D528F0C4030006D87F = {
			isa = PBXGroup;
			children = (
				49B83EE9298DA699000664D8 /* GoogleService-Info.plist */,
				490AC39629AC3C0A00CA14EB /* icons8-geography.gif */,
				490AC39029AB094700CA14EB /* geolocation.gif */,
				493B306828FB2F0500E3C3C8 /* Extensions */,
				49B5BEB029288DBD009CB7DF /* DataFiles */,
				49FC30E028F0C4030006D87F /* CampusCrowdCheckers */,
				49FC30DF28F0C4030006D87F /* Products */,
			);
			sourceTree = "<group>";
		};
		49FC30DF28F0C4030006D87F /* Products */ = {
			isa = PBXGroup;
			children = (
				49FC30DE28F0C4030006D87F /* CampusCrowdCheckers.app */,
			);
			name = Products;
			sourceTree = "<group>";
		};
		49FC30E028F0C4030006D87F /* CampusCrowdCheckers */ = {
			isa = PBXGroup;
			children = (
				496BCCD029899EB90037573B /* CampusCrowdCheckers.entitlements */,
				495DB8AB296249ED00C76D2A /* TabBar */,
				495DB8AA296249D500C76D2A /* Shape */,
				4944C484294BB6AE00A51A94 /* Services */,
				49AE03B02946C9D7001F337B /* Components */,
				49AE03AF2946C875001F337B /* Login Model */,
				49AE03AA2946C776001F337B /* Home */,
				49FC30E528F0C4060006D87F /* Assets.xcassets */,
				4969F4E9298DB2F700660258 /* people.mp4 */,
				49FC30E728F0C4060006D87F /* Preview Content */,
			);
			path = CampusCrowdCheckers;
			sourceTree = "<group>";
		};
		49FC30E728F0C4060006D87F /* Preview Content */ = {
			isa = PBXGroup;
			children = (
				49FC30E828F0C4060006D87F /* Preview Assets.xcassets */,
			);
			path = "Preview Content";
			sourceTree = "<group>";
		};
		49FDF1D9296547B300409CCF /* MapComponents */ = {
			isa = PBXGroup;
			children = (
				495DB8B42962590E00C76D2A /* LocationMapAnnotationView.swift */,
				49D8FFB62962851300B92281 /* LocationListRow.swift */,
				49D8FFC22963AEB200B92281 /* LocationPreviewView.swift */,
				49FDF1D7296547A300409CCF /* LocationDetailView.swift */,
			);
			path = MapComponents;
			sourceTree = "<group>";
		};
		49FDF1DA296547E100409CCF /* SchoolComponents */ = {
			isa = PBXGroup;
			children = (
				49AE03B12946CA0B001F337B /* CircleButtonView.swift */,
				49AE03B32946CEA5001F337B /* CircleButtonAnimationView.swift */,
				4987827E295294B50092DD11 /* UniversityRowView.swift */,
				4937576D2957A36B00EA590C /* SearchBarView.swift */,
				493757712957EF9C00EA590C /* SchoolInformationView.swift */,
			);
			path = SchoolComponents;
			sourceTree = "<group>";
		};
/* End PBXGroup section */

/* Begin PBXNativeTarget section */
		49FC30DD28F0C4030006D87F /* CampusCrowdCheckers */ = {
			isa = PBXNativeTarget;
			buildConfigurationList = 49FC30EC28F0C4060006D87F /* Build configuration list for PBXNativeTarget "CampusCrowdCheckers" */;
			buildPhases = (
				49FC30DA28F0C4030006D87F /* Sources */,
				49FC30DB28F0C4030006D87F /* Frameworks */,
				49FC30DC28F0C4030006D87F /* Resources */,
			);
			buildRules = (
			);
			dependencies = (
			);
			name = CampusCrowdCheckers;
			packageProductDependencies = (
				494CEE05292D9D670013D8B2 /* SwiftClockUI */,
				49B83ED1298D9E02000664D8 /* FirebaseAnalytics */,
				49B83ED3298D9E02000664D8 /* FirebaseAnalyticsSwift */,
				49B83ED5298D9E02000664D8 /* FirebaseAuth */,
			);
			productName = CampusCrowdCheckers;
			productReference = 49FC30DE28F0C4030006D87F /* CampusCrowdCheckers.app */;
			productType = "com.apple.product-type.application";
		};
/* End PBXNativeTarget section */

/* Begin PBXProject section */
		49FC30D628F0C4030006D87F /* Project object */ = {
			isa = PBXProject;
			attributes = {
				BuildIndependentTargetsInParallel = 1;
				LastSwiftUpdateCheck = 1400;
				LastUpgradeCheck = 1400;
				TargetAttributes = {
					49FC30DD28F0C4030006D87F = {
						CreatedOnToolsVersion = 14.0.1;
					};
				};
			};
			buildConfigurationList = 49FC30D928F0C4030006D87F /* Build configuration list for PBXProject "CampusCrowdCheckers" */;
			compatibilityVersion = "Xcode 14.0";
			developmentRegion = en;
			hasScannedForEncodings = 0;
			knownRegions = (
				en,
				Base,
			);
			mainGroup = 49FC30D528F0C4030006D87F;
			packageReferences = (
				494CEE04292D9D670013D8B2 /* XCRemoteSwiftPackageReference "SwiftClockUI" */,
				4944C48D294D02D900A51A94 /* XCRemoteSwiftPackageReference "PythonKit" */,
				49B83ED0298D9E02000664D8 /* XCRemoteSwiftPackageReference "firebase-ios-sdk" */,
			);
			productRefGroup = 49FC30DF28F0C4030006D87F /* Products */;
			projectDirPath = "";
			projectRoot = "";
			targets = (
				49FC30DD28F0C4030006D87F /* CampusCrowdCheckers */,
			);
		};
/* End PBXProject section */

/* Begin PBXResourcesBuildPhase section */
		49FC30DC28F0C4030006D87F /* Resources */ = {
			isa = PBXResourcesBuildPhase;
			buildActionMask = 2147483647;
			files = (
				49FC30E928F0C4060006D87F /* Preview Assets.xcassets in Resources */,
				490AC39729AC3C0A00CA14EB /* icons8-geography.gif in Resources */,
				49B5BEC8292A9B59009CB7DF /* PodData1.csv in Resources */,
				4969F4EA298DB2F700660258 /* people.mp4 in Resources */,
				49B5BEC9292A9B59009CB7DF /* RRData1.csv in Resources */,
				490AC39129AB094700CA14EB /* geolocation.gif in Resources */,
				49B5BEC5292A9B59009CB7DF /* PandaData1.csv in Resources */,
				49EDD72E295E234000EFC0D3 /* VenueLocations.json in Resources */,
				49B5BEC7292A9B59009CB7DF /* ChickFilaData1.csv in Resources */,
				49B5BECA292A9B59009CB7DF /* MoesData1.csv in Resources */,
				49B83EEA298DA699000664D8 /* GoogleService-Info.plist in Resources */,
				49FC30E628F0C4060006D87F /* Assets.xcassets in Resources */,
				49B5BEC6292A9B59009CB7DF /* UCData1.csv in Resources */,
			);
			runOnlyForDeploymentPostprocessing = 0;
		};
/* End PBXResourcesBuildPhase section */

/* Begin PBXSourcesBuildPhase section */
		49FC30DA28F0C4030006D87F /* Sources */ = {
			isa = PBXSourcesBuildPhase;
			buildActionMask = 2147483647;
			files = (
				49FC30E428F0C4030006D87F /* HomeView.swift in Sources */,
				49B5BEA92927E3D0009CB7DF /* MainView.swift in Sources */,
				49FDF1D8296547A300409CCF /* LocationDetailView.swift in Sources */,
				49EDD72B295DF6B400EFC0D3 /* Stripe.swift in Sources */,
				490AC38729AB046600CA14EB /* GifImage.swift in Sources */,
				4937576C2954E0EF00EA590C /* String.swift in Sources */,
				495DB8AF29624A8700C76D2A /* Bundle.swift in Sources */,
				49AE03B22946CA0B001F337B /* CircleButtonView.swift in Sources */,
				49FC30E228F0C4030006D87F /* CampusCrowdCheckersApp.swift in Sources */,
				495DB8B52962590F00C76D2A /* LocationMapAnnotationView.swift in Sources */,
				495DB8AD29624A0600C76D2A /* Wave.swift in Sources */,
				495DB8B7296269E600C76D2A /* VenueModel.swift in Sources */,
				490AC39329ABDAF300CA14EB /* OnboardView.swift in Sources */,
				4907DB9C2919CCB000C5C502 /* TabCurve.swift in Sources */,
				49023B4A291C8F7D00CF6DDF /* Infographics.swift in Sources */,
				493B306A28FB2F2000E3C3C8 /* Color.swift in Sources */,
				49AE03B42946CEA5001F337B /* CircleButtonAnimationView.swift in Sources */,
				49275842293D882D00CD05E3 /* LocationManager.swift in Sources */,
				4947B212293EE27A00D3812A /* MapView.swift in Sources */,
				493B306728F86B4500E3C3C8 /* SplashScreenView.swift in Sources */,
				494CEE03292D94C40013D8B2 /* InfoBoxes.swift in Sources */,
				49D8FFC32963AEB200B92281 /* LocationPreviewView.swift in Sources */,
				4944C48A294BC02800A51A94 /* PreviewProvider.swift in Sources */,
				49B5BEAB2927E590009CB7DF /* Settings.swift in Sources */,
				49B83EDC298DA23A000664D8 /* PlayerView.swift in Sources */,
				4987827D294E53470092DD11 /* UniversityModel.swift in Sources */,
				4971173729691AB500623E1D /* UINavigationController.swift in Sources */,
				493757722957EF9C00EA590C /* SchoolInformationView.swift in Sources */,
				49B5BE9D2925D228009CB7DF /* BotResponse.swift in Sources */,
				4907DB9A2919C69000C5C502 /* AnimatedTabBar.swift in Sources */,
				49B83EDA298DA1FB000664D8 /* LoginViewModel.swift in Sources */,
				49B5BE7F29256C74009CB7DF /* LiveChat.swift in Sources */,
				4987827F295294B50092DD11 /* UniversityRowView.swift in Sources */,
				4944C483294BB64B00A51A94 /* MapViewModel.swift in Sources */,
				493757702957AAB300EA590C /* UIApplication.swift in Sources */,
				49FDF1DC29664C7400409CCF /* RestaurantDetailModel.swift in Sources */,
				493B306C28FB329D00E3C3C8 /* LoginScreen.swift in Sources */,
				49D8FFB72962851300B92281 /* LocationListRow.swift in Sources */,
				4937576E2957A36B00EA590C /* SearchBarView.swift in Sources */,
				490AC39529AC214A00CA14EB /* WelcomeCardViews.swift in Sources */,
				49B5BEBE2928984B009CB7DF /* Database.swift in Sources */,
				49275844293D88A200CD05E3 /* LocationRequestView.swift in Sources */,
				49B5BEA52927DFD8009CB7DF /* PopulationChart.swift in Sources */,
			);
			runOnlyForDeploymentPostprocessing = 0;
		};
/* End PBXSourcesBuildPhase section */

/* Begin XCBuildConfiguration section */
		49FC30EA28F0C4060006D87F /* Debug */ = {
			isa = XCBuildConfiguration;
			buildSettings = {
				ALWAYS_SEARCH_USER_PATHS = NO;
				CLANG_ANALYZER_NONNULL = YES;
				CLANG_ANALYZER_NUMBER_OBJECT_CONVERSION = YES_AGGRESSIVE;
				CLANG_CXX_LANGUAGE_STANDARD = "gnu++20";
				CLANG_ENABLE_MODULES = YES;
				CLANG_ENABLE_OBJC_ARC = YES;
				CLANG_ENABLE_OBJC_WEAK = YES;
				CLANG_WARN_BLOCK_CAPTURE_AUTORELEASING = YES;
				CLANG_WARN_BOOL_CONVERSION = YES;
				CLANG_WARN_COMMA = YES;
				CLANG_WARN_CONSTANT_CONVERSION = YES;
				CLANG_WARN_DEPRECATED_OBJC_IMPLEMENTATIONS = YES;
				CLANG_WARN_DIRECT_OBJC_ISA_USAGE = YES_ERROR;
				CLANG_WARN_DOCUMENTATION_COMMENTS = YES;
				CLANG_WARN_EMPTY_BODY = YES;
				CLANG_WARN_ENUM_CONVERSION = YES;
				CLANG_WARN_INFINITE_RECURSION = YES;
				CLANG_WARN_INT_CONVERSION = YES;
				CLANG_WARN_NON_LITERAL_NULL_CONVERSION = YES;
				CLANG_WARN_OBJC_IMPLICIT_RETAIN_SELF = YES;
				CLANG_WARN_OBJC_LITERAL_CONVERSION = YES;
				CLANG_WARN_OBJC_ROOT_CLASS = YES_ERROR;
				CLANG_WARN_QUOTED_INCLUDE_IN_FRAMEWORK_HEADER = YES;
				CLANG_WARN_RANGE_LOOP_ANALYSIS = YES;
				CLANG_WARN_STRICT_PROTOTYPES = YES;
				CLANG_WARN_SUSPICIOUS_MOVE = YES;
				CLANG_WARN_UNGUARDED_AVAILABILITY = YES_AGGRESSIVE;
				CLANG_WARN_UNREACHABLE_CODE = YES;
				CLANG_WARN__DUPLICATE_METHOD_MATCH = YES;
				COPY_PHASE_STRIP = NO;
				DEBUG_INFORMATION_FORMAT = dwarf;
				ENABLE_STRICT_OBJC_MSGSEND = YES;
				ENABLE_TESTABILITY = YES;
				GCC_C_LANGUAGE_STANDARD = gnu11;
				GCC_DYNAMIC_NO_PIC = NO;
				GCC_NO_COMMON_BLOCKS = YES;
				GCC_OPTIMIZATION_LEVEL = 0;
				GCC_PREPROCESSOR_DEFINITIONS = (
					"DEBUG=1",
					"$(inherited)",
				);
				GCC_WARN_64_TO_32_BIT_CONVERSION = YES;
				GCC_WARN_ABOUT_RETURN_TYPE = YES_ERROR;
				GCC_WARN_UNDECLARED_SELECTOR = YES;
				GCC_WARN_UNINITIALIZED_AUTOS = YES_AGGRESSIVE;
				GCC_WARN_UNUSED_FUNCTION = YES;
				GCC_WARN_UNUSED_VARIABLE = YES;
				IPHONEOS_DEPLOYMENT_TARGET = 16.0;
				MTL_ENABLE_DEBUG_INFO = INCLUDE_SOURCE;
				MTL_FAST_MATH = YES;
				ONLY_ACTIVE_ARCH = YES;
				SDKROOT = iphoneos;
				SWIFT_ACTIVE_COMPILATION_CONDITIONS = DEBUG;
				SWIFT_OPTIMIZATION_LEVEL = "-Onone";
			};
			name = Debug;
		};
		49FC30EB28F0C4060006D87F /* Release */ = {
			isa = XCBuildConfiguration;
			buildSettings = {
				ALWAYS_SEARCH_USER_PATHS = NO;
				CLANG_ANALYZER_NONNULL = YES;
				CLANG_ANALYZER_NUMBER_OBJECT_CONVERSION = YES_AGGRESSIVE;
				CLANG_CXX_LANGUAGE_STANDARD = "gnu++20";
				CLANG_ENABLE_MODULES = YES;
				CLANG_ENABLE_OBJC_ARC = YES;
				CLANG_ENABLE_OBJC_WEAK = YES;
				CLANG_WARN_BLOCK_CAPTURE_AUTORELEASING = YES;
				CLANG_WARN_BOOL_CONVERSION = YES;
				CLANG_WARN_COMMA = YES;
				CLANG_WARN_CONSTANT_CONVERSION = YES;
				CLANG_WARN_DEPRECATED_OBJC_IMPLEMENTATIONS = YES;
				CLANG_WARN_DIRECT_OBJC_ISA_USAGE = YES_ERROR;
				CLANG_WARN_DOCUMENTATION_COMMENTS = YES;
				CLANG_WARN_EMPTY_BODY = YES;
				CLANG_WARN_ENUM_CONVERSION = YES;
				CLANG_WARN_INFINITE_RECURSION = YES;
				CLANG_WARN_INT_CONVERSION = YES;
				CLANG_WARN_NON_LITERAL_NULL_CONVERSION = YES;
				CLANG_WARN_OBJC_IMPLICIT_RETAIN_SELF = YES;
				CLANG_WARN_OBJC_LITERAL_CONVERSION = YES;
				CLANG_WARN_OBJC_ROOT_CLASS = YES_ERROR;
				CLANG_WARN_QUOTED_INCLUDE_IN_FRAMEWORK_HEADER = YES;
				CLANG_WARN_RANGE_LOOP_ANALYSIS = YES;
				CLANG_WARN_STRICT_PROTOTYPES = YES;
				CLANG_WARN_SUSPICIOUS_MOVE = YES;
				CLANG_WARN_UNGUARDED_AVAILABILITY = YES_AGGRESSIVE;
				CLANG_WARN_UNREACHABLE_CODE = YES;
				CLANG_WARN__DUPLICATE_METHOD_MATCH = YES;
				COPY_PHASE_STRIP = NO;
				DEBUG_INFORMATION_FORMAT = "dwarf-with-dsym";
				ENABLE_NS_ASSERTIONS = NO;
				ENABLE_STRICT_OBJC_MSGSEND = YES;
				GCC_C_LANGUAGE_STANDARD = gnu11;
				GCC_NO_COMMON_BLOCKS = YES;
				GCC_WARN_64_TO_32_BIT_CONVERSION = YES;
				GCC_WARN_ABOUT_RETURN_TYPE = YES_ERROR;
				GCC_WARN_UNDECLARED_SELECTOR = YES;
				GCC_WARN_UNINITIALIZED_AUTOS = YES_AGGRESSIVE;
				GCC_WARN_UNUSED_FUNCTION = YES;
				GCC_WARN_UNUSED_VARIABLE = YES;
				IPHONEOS_DEPLOYMENT_TARGET = 16.0;
				MTL_ENABLE_DEBUG_INFO = NO;
				MTL_FAST_MATH = YES;
				SDKROOT = iphoneos;
				SWIFT_COMPILATION_MODE = wholemodule;
				SWIFT_OPTIMIZATION_LEVEL = "-O";
				VALIDATE_PRODUCT = YES;
			};
			name = Release;
		};
		49FC30ED28F0C4060006D87F /* Debug */ = {
			isa = XCBuildConfiguration;
			buildSettings = {
				ASSETCATALOG_COMPILER_APPICON_NAME = AppIcon;
				ASSETCATALOG_COMPILER_GLOBAL_ACCENT_COLOR_NAME = AccentColor;
				CODE_SIGN_ENTITLEMENTS = CampusCrowdCheckers/CampusCrowdCheckers.entitlements;
				CODE_SIGN_STYLE = Automatic;
				CURRENT_PROJECT_VERSION = 1;
				DEVELOPMENT_ASSET_PATHS = "\"CampusCrowdCheckers/Preview Content\"";
				DEVELOPMENT_TEAM = 7Z9GQ4Y72B;
				ENABLE_PREVIEWS = YES;
				GENERATE_INFOPLIST_FILE = YES;
				INFOPLIST_KEY_LSApplicationCategoryType = "public.app-category.education";
				INFOPLIST_KEY_NSLocationWhenInUseUsageDescription = "Allow CrowdCheck to access your location";
				INFOPLIST_KEY_UIApplicationSceneManifest_Generation = YES;
				INFOPLIST_KEY_UIApplicationSupportsIndirectInputEvents = YES;
				INFOPLIST_KEY_UILaunchScreen_Generation = YES;
				INFOPLIST_KEY_UIStatusBarStyle = "";
				INFOPLIST_KEY_UISupportedInterfaceOrientations = UIInterfaceOrientationPortrait;
				INFOPLIST_KEY_UISupportedInterfaceOrientations_iPad = "UIInterfaceOrientationLandscapeLeft UIInterfaceOrientationLandscapeRight UIInterfaceOrientationPortrait UIInterfaceOrientationPortraitUpsideDown";
				IPHONEOS_DEPLOYMENT_TARGET = 16.0;
				"IPHONEOS_DEPLOYMENT_TARGET[sdk=iphoneos*]" = 16.2;
				LD_RUNPATH_SEARCH_PATHS = (
					"$(inherited)",
					"@executable_path/Frameworks",
				);
				MARKETING_VERSION = 1.0;
				PRODUCT_BUNDLE_IDENTIFIER = AndresAngel.CampusCrowdCheckers;
				PRODUCT_NAME = "$(TARGET_NAME)";
				SUPPORTED_PLATFORMS = "iphoneos iphonesimulator";
				SUPPORTS_MACCATALYST = NO;
				SUPPORTS_MAC_DESIGNED_FOR_IPHONE_IPAD = YES;
				SWIFT_EMIT_LOC_STRINGS = YES;
				SWIFT_VERSION = 5.0;
				TARGETED_DEVICE_FAMILY = 1;
			};
			name = Debug;
		};
		49FC30EE28F0C4060006D87F /* Release */ = {
			isa = XCBuildConfiguration;
			buildSettings = {
				ASSETCATALOG_COMPILER_APPICON_NAME = AppIcon;
				ASSETCATALOG_COMPILER_GLOBAL_ACCENT_COLOR_NAME = AccentColor;
				CODE_SIGN_ENTITLEMENTS = CampusCrowdCheckers/CampusCrowdCheckers.entitlements;
				CODE_SIGN_STYLE = Automatic;
				CURRENT_PROJECT_VERSION = 1;
				DEVELOPMENT_ASSET_PATHS = "\"CampusCrowdCheckers/Preview Content\"";
				DEVELOPMENT_TEAM = 7Z9GQ4Y72B;
				ENABLE_PREVIEWS = YES;
				GENERATE_INFOPLIST_FILE = YES;
				INFOPLIST_KEY_LSApplicationCategoryType = "public.app-category.education";
				INFOPLIST_KEY_NSLocationWhenInUseUsageDescription = "Allow CrowdCheck to access your location";
				INFOPLIST_KEY_UIApplicationSceneManifest_Generation = YES;
				INFOPLIST_KEY_UIApplicationSupportsIndirectInputEvents = YES;
				INFOPLIST_KEY_UILaunchScreen_Generation = YES;
				INFOPLIST_KEY_UIStatusBarStyle = "";
				INFOPLIST_KEY_UISupportedInterfaceOrientations = UIInterfaceOrientationPortrait;
				INFOPLIST_KEY_UISupportedInterfaceOrientations_iPad = "UIInterfaceOrientationLandscapeLeft UIInterfaceOrientationLandscapeRight UIInterfaceOrientationPortrait UIInterfaceOrientationPortraitUpsideDown";
				IPHONEOS_DEPLOYMENT_TARGET = 16.0;
				LD_RUNPATH_SEARCH_PATHS = (
					"$(inherited)",
					"@executable_path/Frameworks",
				);
				MARKETING_VERSION = 1.0;
				PRODUCT_BUNDLE_IDENTIFIER = AndresAngel.CampusCrowdCheckers;
				PRODUCT_NAME = "$(TARGET_NAME)";
				SUPPORTED_PLATFORMS = "iphoneos iphonesimulator";
				SUPPORTS_MACCATALYST = NO;
				SUPPORTS_MAC_DESIGNED_FOR_IPHONE_IPAD = YES;
				SWIFT_EMIT_LOC_STRINGS = YES;
				SWIFT_VERSION = 5.0;
				TARGETED_DEVICE_FAMILY = 1;
			};
			name = Release;
		};
/* End XCBuildConfiguration section */

/* Begin XCConfigurationList section */
		49FC30D928F0C4030006D87F /* Build configuration list for PBXProject "CampusCrowdCheckers" */ = {
			isa = XCConfigurationList;
			buildConfigurations = (
				49FC30EA28F0C4060006D87F /* Debug */,
				49FC30EB28F0C4060006D87F /* Release */,
			);
			defaultConfigurationIsVisible = 0;
			defaultConfigurationName = Release;
		};
		49FC30EC28F0C4060006D87F /* Build configuration list for PBXNativeTarget "CampusCrowdCheckers" */ = {
			isa = XCConfigurationList;
			buildConfigurations = (
				49FC30ED28F0C4060006D87F /* Debug */,
				49FC30EE28F0C4060006D87F /* Release */,
			);
			defaultConfigurationIsVisible = 0;
			defaultConfigurationName = Release;
		};
/* End XCConfigurationList section */

/* Begin XCRemoteSwiftPackageReference section */
		4944C48D294D02D900A51A94 /* XCRemoteSwiftPackageReference "PythonKit" */ = {
			isa = XCRemoteSwiftPackageReference;
			repositoryURL = "https://github.com/pvieito/PythonKit";
			requirement = {
				branch = master;
				kind = branch;
			};
		};
		494CEE04292D9D670013D8B2 /* XCRemoteSwiftPackageReference "SwiftClockUI" */ = {
			isa = XCRemoteSwiftPackageReference;
			repositoryURL = "https://github.com/renaudjenny/SwiftClockUI";
			requirement = {
				kind = upToNextMajorVersion;
				minimumVersion = 2.0.0;
			};
		};
		49B83ED0298D9E02000664D8 /* XCRemoteSwiftPackageReference "firebase-ios-sdk" */ = {
			isa = XCRemoteSwiftPackageReference;
			repositoryURL = "https://github.com/firebase/firebase-ios-sdk";
			requirement = {
				kind = upToNextMajorVersion;
				minimumVersion = 9.0.0;
			};
		};
/* End XCRemoteSwiftPackageReference section */

/* Begin XCSwiftPackageProductDependency section */
		494CEE05292D9D670013D8B2 /* SwiftClockUI */ = {
			isa = XCSwiftPackageProductDependency;
			package = 494CEE04292D9D670013D8B2 /* XCRemoteSwiftPackageReference "SwiftClockUI" */;
			productName = SwiftClockUI;
		};
		49B83ED1298D9E02000664D8 /* FirebaseAnalytics */ = {
			isa = XCSwiftPackageProductDependency;
			package = 49B83ED0298D9E02000664D8 /* XCRemoteSwiftPackageReference "firebase-ios-sdk" */;
			productName = FirebaseAnalytics;
		};
		49B83ED3298D9E02000664D8 /* FirebaseAnalyticsSwift */ = {
			isa = XCSwiftPackageProductDependency;
			package = 49B83ED0298D9E02000664D8 /* XCRemoteSwiftPackageReference "firebase-ios-sdk" */;
			productName = FirebaseAnalyticsSwift;
		};
		49B83ED5298D9E02000664D8 /* FirebaseAuth */ = {
			isa = XCSwiftPackageProductDependency;
			package = 49B83ED0298D9E02000664D8 /* XCRemoteSwiftPackageReference "firebase-ios-sdk" */;
			productName = FirebaseAuth;
		};
/* End XCSwiftPackageProductDependency section */
	};
	rootObject = 49FC30D628F0C4030006D87F /* Project object */;
}
